{
  "pins" : [
    {
      "identity" : "combinecocoa",
      "kind" : "remoteSourceControl",
      "location" : "https://github.com/CombineCommunity/CombineCocoa.git",
      "state" : {
        "revision" : "7300c75ff9e072aa7fd0fccefcc88f74aae9bf56",
        "version" : "0.4.1"
      }
    },
    {
      "identity" : "kingfisher",
      "kind" : "remoteSourceControl",
      "location" : "https://github.com/onevcat/Kingfisher.git",
      "state" : {
        "revision" : "2ef543ee21d63734e1c004ad6c870255e8716c50",
        "version" : "7.12.0"
      }
    },
    {
      "identity" : "lottie-ios",
      "kind" : "remoteSourceControl",
      "location" : "https://github.com/airbnb/lottie-ios.git",
      "state" : {
        "revision" : "047aa81b77adcbf583a966dfef620d17650cc656",
        "version" : "4.5.1"
      }
    },
    {
      "identity" : "panmodal",
      "kind" : "remoteSourceControl",
      "location" : "https://github.com/slackhq/PanModal.git",
      "state" : {
        "revision" : "b012aecb6b67a8e46369227f893c12544846613f",
        "version" : "1.2.7"
      }
    },
    {
      "identity" : "snapkit",
      "kind" : "remoteSourceControl",
      "location" : "https://github.com/SnapKit/SnapKit",
      "state" : {
        "revision" : "2842e6e84e82eb9a8dac0100ca90d9444b0307f4",
        "version" : "5.7.1"
      }
    },
    {
      "identity" : "swinject",
      "kind" : "remoteSourceControl",
      "location" : "https://github.com/Swinject/Swinject.git",
      "state" : {
        "revision" : "be9dbcc7b86811bc131539a20c6f9c2d3e56919f",
        "version" : "2.9.1"
      }
    },
    {
      "identity" : "then",
      "kind" : "remoteSourceControl",
      "location" : "https://github.com/devxoul/Then",
      "state" : {
        "revision" : "e421a7b3440a271834337694e6050133a3958bc7",
        "version" : "2.7.0"
      }
    }
  ],
  "version" : 2
}
