PODS:
  - Google-Mobile-Ads-SDK (11.5.0):
    - GoogleUserMessagingPlatform (>= 1.1)
  - GoogleUserMessagingPlatform (2.4.0)
  - NMapsGeometry (1.0.2)
  - NMapsMap (3.18.1):
    - NMapsGeometry

DEPENDENCIES:
  - Google-Mobile-Ads-SDK (= 11.5.0)
  - NMapsMap
  - NMapsMap (= 3.18.1)

SPEC REPOS:
  https://github.com/CocoaPods/Specs.git:
    - Google-Mobile-Ads-SDK
    - GoogleUserMessagingPlatform
    - NMapsGeometry
    - NMapsMap

SPEC CHECKSUMS:
  Google-Mobile-Ads-SDK: 7db2098033ad3bfcd72a11e7503b49700a93029e
  GoogleUserMessagingPlatform: f131fa7978d2ba88d7426702b057c2cc318e6595
  NMapsGeometry: 4e02554fa9880ef02ed96b075dc84355d6352479
  NMapsMap: e879088eeee2d1e3b97f0a609076e1824dce2cad

PODFILE CHECKSUM: 72546648ae0827ab131d1b20ae5f35b012e55af5

COCOAPODS: 1.12.1
