PODS:
  - Google-Mobile-Ads-SDK (9.13.0):
    - GoogleAppMeasurement (< 11.0, >= 7.0)
    - GoogleUserMessagingPlatform (>= 1.1)
  - GoogleAppMeasurement (10.2.0):
    - GoogleAppMeasurement/AdIdSupport (= 10.2.0)
    - GoogleUtilities/AppDelegateSwizzler (~> 7.8)
    - GoogleUtilities/MethodSwizzler (~> 7.8)
    - GoogleUtilities/Network (~> 7.8)
    - "GoogleUtilities/NSData+zlib (~> 7.8)"
    - nanopb (< 2.30910.0, >= 2.30908.0)
  - GoogleAppMeasurement/AdIdSupport (10.2.0):
    - GoogleAppMeasurement/WithoutAdIdSupport (= 10.2.0)
    - GoogleUtilities/AppDelegateSwizzler (~> 7.8)
    - GoogleUtilities/MethodSwizzler (~> 7.8)
    - GoogleUtilities/Network (~> 7.8)
    - "GoogleUtilities/NSData+zlib (~> 7.8)"
    - nanopb (< 2.30910.0, >= 2.30908.0)
  - GoogleAppMeasurement/WithoutAdIdSupport (10.2.0):
    - GoogleUtilities/AppDelegateSwizzler (~> 7.8)
    - GoogleUtilities/MethodSwizzler (~> 7.8)
    - GoogleUtilities/Network (~> 7.8)
    - "GoogleUtilities/NSData+zlib (~> 7.8)"
    - nanopb (< 2.30910.0, >= 2.30908.0)
  - GoogleUserMessagingPlatform (2.0.1)
  - GoogleUtilities/AppDelegateSwizzler (7.10.0):
    - GoogleUtilities/Environment
    - GoogleUtilities/Logger
    - GoogleUtilities/Network
  - GoogleUtilities/Environment (7.10.0):
    - PromisesObjC (< 3.0, >= 1.2)
  - GoogleUtilities/Logger (7.10.0):
    - GoogleUtilities/Environment
  - GoogleUtilities/MethodSwizzler (7.10.0):
    - GoogleUtilities/Logger
  - GoogleUtilities/Network (7.10.0):
    - GoogleUtilities/Logger
    - "GoogleUtilities/NSData+zlib"
    - GoogleUtilities/Reachability
  - "GoogleUtilities/NSData+zlib (7.10.0)"
  - GoogleUtilities/Reachability (7.10.0):
    - GoogleUtilities/Logger
  - nanopb (2.30909.0):
    - nanopb/decode (= 2.30909.0)
    - nanopb/encode (= 2.30909.0)
  - nanopb/decode (2.30909.0)
  - nanopb/encode (2.30909.0)
  - Nimble (9.2.1)
  - NMapsMap (3.16.0)
  - PromisesObjC (2.1.1)
  - R.swift (6.1.0):
    - R.swift.Library (~> 5.3.0)
  - R.swift.Library (5.3.0)
  - RxNimble/Core (5.0.0):
    - Nimble (~> 9.0)
    - RxSwift (~> 5.0)
  - RxNimble/RxTest (5.0.0):
    - RxNimble/Core
    - RxTest
  - RxSwift (5.1.3)
  - RxTest (5.1.3):
    - RxSwift (~> 5)
  - SwiftLint (0.50.0)

DEPENDENCIES:
  - Google-Mobile-Ads-SDK
  - NMapsMap
  - R.swift
  - RxNimble/RxTest
  - RxTest (~> 5)
  - SwiftLint

SPEC REPOS:
  trunk:
    - Google-Mobile-Ads-SDK
    - GoogleAppMeasurement
    - GoogleUserMessagingPlatform
    - GoogleUtilities
    - nanopb
    - Nimble
    - NMapsMap
    - PromisesObjC
    - R.swift
    - R.swift.Library
    - RxNimble
    - RxSwift
    - RxTest
    - SwiftLint

SPEC CHECKSUMS:
  Google-Mobile-Ads-SDK: 465532d33dfc878f2f9aca281fddbcd4bf9c0197
  GoogleAppMeasurement: 3bc3a6484b7bb20dd8489242c4dd3c92a3e5107b
  GoogleUserMessagingPlatform: 5f8b30daf181805317b6b985bb51c1ff3beca054
  GoogleUtilities: bad72cb363809015b1f7f19beb1f1cd23c589f95
  nanopb: b552cce312b6c8484180ef47159bc0f65a1f0431
  Nimble: e7e615c0335ee4bf5b0d786685451e62746117d5
  NMapsMap: a2593320fca2bb09e521c05b4dffee4da42e96ed
  PromisesObjC: ab77feca74fa2823e7af4249b8326368e61014cb
  R.swift: ec98ff71c4ab2f6fd01dd077e5afd15e63a4834c
  R.swift.Library: 0fc583cb55a99e28901299cc451614cad1161962
  RxNimble: 3b757b0f8fb4dc487c3f9a383bc61a6f5bd72d28
  RxSwift: 915abbdfb62214aa89ccd0b194d44fb478019b27
  RxTest: 937ba521d3f6dca7db49f76cd5d372cfce6091cb
  SwiftLint: 9cbf846727f3312f3ba722f2d7108a162cd050a5

PODFILE CHECKSUM: cb1c0fd962b503013247b00d2d82a5d2a63fffb9

COCOAPODS: 1.11.3
