{
  "object": {
    "pins": [
      {
        "package": "ReactorKit",
        "repositoryURL": "https://github.com/ReactorKit/ReactorKit.git",
        "state": {
          "branch": null,
          "revision": "72bd20b76891566688f03594da4651d4e6771b8c",
          "version": "3.1.0"
        }
      },
      {
        "package": "RxSwift",
        "repositoryURL": "https://github.com/ReactiveX/RxSwift.git",
        "state": {
          "branch": null,
          "revision": "7c17a6ccca06b5c107cfa4284e634562ddaf5951",
          "version": "6.2.0"
        }
      },
      {
        "package": "WeakMapTable",
        "repositoryURL": "https://github.com/ReactorKit/WeakMapTable.git",
        "state": {
          "branch": null,
          "revision": "cb05d64cef2bbf51e85c53adee937df46540a74e",
          "version": "1.2.1"
        }
      }
    ]
  },
  "version": 1
}
